
Microsoft Visual Studio Solution File, Format Version 12.00
# Visual Studio Version 17
VisualStudioVersion = 17.7.34024.191
MinimumVisualStudioVersion = 10.0.40219.1
Project("{FAE04EC0-301F-11D3-BF4B-00C04F79EFBC}") = "FRecorder", "FRecorder.csproj", "{5662CFC2-EBBA-42B8-936F-1C2305B328CD}"
EndProject
Global
	GlobalSection(SolutionConfigurationPlatforms) = preSolution
		Debug|Any CPU = Debug|Any CPU
		Release|Any CPU = Release|Any CPU
	EndGlobalSection
	GlobalSection(ProjectConfigurationPlatforms) = postSolution
		{5662CFC2-EBBA-42B8-936F-1C2305B328CD}.Debug|Any CPU.ActiveCfg = Debug|Any CPU
		{5662CFC2-EBBA-42B8-936F-1C2305B328CD}.Debug|Any CPU.Build.0 = Debug|Any CPU
		{5662CFC2-EBBA-42B8-936F-1C2305B328CD}.Release|Any CPU.ActiveCfg = Release|Any CPU
		{5662CFC2-EBBA-42B8-936F-1C2305B328CD}.Release|Any CPU.Build.0 = Release|Any CPU
	EndGlobalSection
	GlobalSection(SolutionProperties) = preSolution
		HideSolutionNode = FALSE
	EndGlobalSection
	GlobalSection(ExtensibilityGlobals) = postSolution
		SolutionGuid = {80ABA137-4D0C-470A-BDDD-688D138F1F86}
	EndGlobalSection
EndGlobal
